
Microsoft Visual Studio Solution File, Format Version 12.00
# Visual Studio Version 16
VisualStudioVersion = 25.0.1704.0
MinimumVisualStudioVersion = 10.0.40219.1
Project("{FAE04EC0-301F-11D3-BF4B-00C04F79EFBC}") = "TestingTools", "TestingTools\TestingTools.csproj", "{D56509DA-A13D-403F-93C0-20C98A7FF5BA}"
EndProject
Global
	GlobalSection(SolutionConfigurationPlatforms) = preSolution
		Debug|Any CPU = Debug|Any CPU
		Release|Any CPU = Release|Any CPU
	EndGlobalSection
	GlobalSection(ProjectConfigurationPlatforms) = postSolution
		{D56509DA-A13D-403F-93C0-20C98A7FF5BA}.Debug|Any CPU.ActiveCfg = Debug|Any CPU
		{D56509DA-A13D-403F-93C0-20C98A7FF5BA}.Debug|Any CPU.Build.0 = Debug|Any CPU
		{D56509DA-A13D-403F-93C0-20C98A7FF5BA}.Release|Any CPU.ActiveCfg = Release|Any CPU
		{D56509DA-A13D-403F-93C0-20C98A7FF5BA}.Release|Any CPU.Build.0 = Release|Any CPU
	EndGlobalSection
	GlobalSection(SolutionProperties) = preSolution
		HideSolutionNode = FALSE
	EndGlobalSection
	GlobalSection(ExtensibilityGlobals) = postSolution
		SolutionGuid = {C052BDEE-F8FB-4563-8125-6D36FD2151AF}
	EndGlobalSection
EndGlobal
